
Microsoft Visual Studio Solution File, Format Version 12.00
# Visual Studio Version 17
VisualStudioVersion = 17.9.34616.47
MinimumVisualStudioVersion = 10.0.40219.1
Project("{FAE04EC0-301F-11D3-BF4B-00C04F79EFBC}") = "RESTAPIWithASPNET", "RESTAPIWithASPNET\RESTAPIWithASPNET.csproj", "{A9ED872F-8965-49E9-9C43-BC385B8AFC13}"
EndProject
Global
	GlobalSection(SolutionConfigurationPlatforms) = preSolution
		Debug|Any CPU = Debug|Any CPU
		Release|Any CPU = Release|Any CPU
	EndGlobalSection
	GlobalSection(ProjectConfigurationPlatforms) = postSolution
		{A9ED872F-8965-49E9-9C43-BC385B8AFC13}.Debug|Any CPU.ActiveCfg = Debug|Any CPU
		{A9ED872F-8965-49E9-9C43-BC385B8AFC13}.Debug|Any CPU.Build.0 = Debug|Any CPU
		{A9ED872F-8965-49E9-9C43-BC385B8AFC13}.Release|Any CPU.ActiveCfg = Release|Any CPU
		{A9ED872F-8965-49E9-9C43-BC385B8AFC13}.Release|Any CPU.Build.0 = Release|Any CPU
	EndGlobalSection
	GlobalSection(SolutionProperties) = preSolution
		HideSolutionNode = FALSE
	EndGlobalSection
	GlobalSection(ExtensibilityGlobals) = postSolution
		SolutionGuid = {2981D4EF-6FB7-4612-BED2-7EDF2BD85696}
	EndGlobalSection
EndGlobal
